
Microsoft Visual Studio Solution File, Format Version 12.00
# Visual Studio Version 17
VisualStudioVersion = 17.1.32210.238
MinimumVisualStudioVersion = 15.0.26124.0
Project("{2150E333-8FDC-42A3-9474-1A3956D46DE8}") = "Solution Items", "Solution Items", "{90B81114-F696-47F2-B5F4-D107E3399683}"
	ProjectSection(SolutionItems) = preProject
		.editorconfig = .editorconfig
	EndProjectSection
EndProject
Project("{9A19103F-16F7-4668-BE54-9A1E7A4F7556}") = "Northwind.DataAccess", "Northwind.DataAccess\Northwind.DataAccess.csproj", "{AB1BC68A-95B0-433B-8BE1-B60E12A4B79E}"
EndProject
Project("{9A19103F-16F7-4668-BE54-9A1E7A4F7556}") = "Northwind.Services", "Northwind.Services\Northwind.Services.csproj", "{B7919827-24AA-4F02-80F9-5ED3DB81F9B2}"
EndProject
Project("{9A19103F-16F7-4668-BE54-9A1E7A4F7556}") = "NorthwindApiApp", "NorthwindApiApp\NorthwindApiApp.csproj", "{C80D1C02-A325-44A3-80DC-FCE0A66231AB}"
EndProject
Project("{9A19103F-16F7-4668-BE54-9A1E7A4F7556}") = "Northwind.DataAccess.SqlServer", "Northwind.DataAccess.SqlServer\Northwind.DataAccess.SqlServer.csproj", "{02510CA4-DAA0-41AD-BB97-2178577196BB}"
EndProject
Project("{9A19103F-16F7-4668-BE54-9A1E7A4F7556}") = "Northwind.Services.DataAccess", "Northwind.Services.DataAccess\Northwind.Services.DataAccess.csproj", "{675D078B-F5B8-48D5-A58C-FD67FB4BA9BC}"
EndProject
Project("{9A19103F-16F7-4668-BE54-9A1E7A4F7556}") = "Northwind.Services.EntityFrameworkCore", "Northwind.Services.EntityFrameworkCore\Northwind.Services.EntityFrameworkCore.csproj", "{BAB893B4-C02A-4E4A-86BF-2D9F1FE15BC6}"
EndProject
Project("{FAE04EC0-301F-11D3-BF4B-00C04F79EFBC}") = "Northwind.Services.InMemory", "Northwind.Services.InMemory\Northwind.Services.InMemory.csproj", "{65D757D2-AE7B-49C0-A693-5C9BFDEE689F}"
EndProject
Global
	GlobalSection(SolutionConfigurationPlatforms) = preSolution
		Debug|Any CPU = Debug|Any CPU
		Debug|x64 = Debug|x64
		Debug|x86 = Debug|x86
		Release|Any CPU = Release|Any CPU
		Release|x64 = Release|x64
		Release|x86 = Release|x86
	EndGlobalSection
	GlobalSection(ProjectConfigurationPlatforms) = postSolution
		{AB1BC68A-95B0-433B-8BE1-B60E12A4B79E}.Debug|Any CPU.ActiveCfg = Debug|Any CPU
		{AB1BC68A-95B0-433B-8BE1-B60E12A4B79E}.Debug|Any CPU.Build.0 = Debug|Any CPU
		{AB1BC68A-95B0-433B-8BE1-B60E12A4B79E}.Debug|x64.ActiveCfg = Debug|Any CPU
		{AB1BC68A-95B0-433B-8BE1-B60E12A4B79E}.Debug|x64.Build.0 = Debug|Any CPU
		{AB1BC68A-95B0-433B-8BE1-B60E12A4B79E}.Debug|x86.ActiveCfg = Debug|Any CPU
		{AB1BC68A-95B0-433B-8BE1-B60E12A4B79E}.Debug|x86.Build.0 = Debug|Any CPU
		{AB1BC68A-95B0-433B-8BE1-B60E12A4B79E}.Release|Any CPU.ActiveCfg = Release|Any CPU
		{AB1BC68A-95B0-433B-8BE1-B60E12A4B79E}.Release|Any CPU.Build.0 = Release|Any CPU
		{AB1BC68A-95B0-433B-8BE1-B60E12A4B79E}.Release|x64.ActiveCfg = Release|Any CPU
		{AB1BC68A-95B0-433B-8BE1-B60E12A4B79E}.Release|x64.Build.0 = Release|Any CPU
		{AB1BC68A-95B0-433B-8BE1-B60E12A4B79E}.Release|x86.ActiveCfg = Release|Any CPU
		{AB1BC68A-95B0-433B-8BE1-B60E12A4B79E}.Release|x86.Build.0 = Release|Any CPU
		{B7919827-24AA-4F02-80F9-5ED3DB81F9B2}.Debug|Any CPU.ActiveCfg = Debug|Any CPU
		{B7919827-24AA-4F02-80F9-5ED3DB81F9B2}.Debug|Any CPU.Build.0 = Debug|Any CPU
		{B7919827-24AA-4F02-80F9-5ED3DB81F9B2}.Debug|x64.ActiveCfg = Debug|Any CPU
		{B7919827-24AA-4F02-80F9-5ED3DB81F9B2}.Debug|x64.Build.0 = Debug|Any CPU
		{B7919827-24AA-4F02-80F9-5ED3DB81F9B2}.Debug|x86.ActiveCfg = Debug|Any CPU
		{B7919827-24AA-4F02-80F9-5ED3DB81F9B2}.Debug|x86.Build.0 = Debug|Any CPU
		{B7919827-24AA-4F02-80F9-5ED3DB81F9B2}.Release|Any CPU.ActiveCfg = Release|Any CPU
		{B7919827-24AA-4F02-80F9-5ED3DB81F9B2}.Release|Any CPU.Build.0 = Release|Any CPU
		{B7919827-24AA-4F02-80F9-5ED3DB81F9B2}.Release|x64.ActiveCfg = Release|Any CPU
		{B7919827-24AA-4F02-80F9-5ED3DB81F9B2}.Release|x64.Build.0 = Release|Any CPU
		{B7919827-24AA-4F02-80F9-5ED3DB81F9B2}.Release|x86.ActiveCfg = Release|Any CPU
		{B7919827-24AA-4F02-80F9-5ED3DB81F9B2}.Release|x86.Build.0 = Release|Any CPU
		{C80D1C02-A325-44A3-80DC-FCE0A66231AB}.Debug|Any CPU.ActiveCfg = Debug|Any CPU
		{C80D1C02-A325-44A3-80DC-FCE0A66231AB}.Debug|Any CPU.Build.0 = Debug|Any CPU
		{C80D1C02-A325-44A3-80DC-FCE0A66231AB}.Debug|x64.ActiveCfg = Debug|Any CPU
		{C80D1C02-A325-44A3-80DC-FCE0A66231AB}.Debug|x64.Build.0 = Debug|Any CPU
		{C80D1C02-A325-44A3-80DC-FCE0A66231AB}.Debug|x86.ActiveCfg = Debug|Any CPU
		{C80D1C02-A325-44A3-80DC-FCE0A66231AB}.Debug|x86.Build.0 = Debug|Any CPU
		{C80D1C02-A325-44A3-80DC-FCE0A66231AB}.Release|Any CPU.ActiveCfg = Release|Any CPU
		{C80D1C02-A325-44A3-80DC-FCE0A66231AB}.Release|Any CPU.Build.0 = Release|Any CPU
		{C80D1C02-A325-44A3-80DC-FCE0A66231AB}.Release|x64.ActiveCfg = Release|Any CPU
		{C80D1C02-A325-44A3-80DC-FCE0A66231AB}.Release|x64.Build.0 = Release|Any CPU
		{C80D1C02-A325-44A3-80DC-FCE0A66231AB}.Release|x86.ActiveCfg = Release|Any CPU
		{C80D1C02-A325-44A3-80DC-FCE0A66231AB}.Release|x86.Build.0 = Release|Any CPU
		{02510CA4-DAA0-41AD-BB97-2178577196BB}.Debug|Any CPU.ActiveCfg = Debug|Any CPU
		{02510CA4-DAA0-41AD-BB97-2178577196BB}.Debug|Any CPU.Build.0 = Debug|Any CPU
		{02510CA4-DAA0-41AD-BB97-2178577196BB}.Debug|x64.ActiveCfg = Debug|Any CPU
		{02510CA4-DAA0-41AD-BB97-2178577196BB}.Debug|x64.Build.0 = Debug|Any CPU
		{02510CA4-DAA0-41AD-BB97-2178577196BB}.Debug|x86.ActiveCfg = Debug|Any CPU
		{02510CA4-DAA0-41AD-BB97-2178577196BB}.Debug|x86.Build.0 = Debug|Any CPU
		{02510CA4-DAA0-41AD-BB97-2178577196BB}.Release|Any CPU.ActiveCfg = Release|Any CPU
		{02510CA4-DAA0-41AD-BB97-2178577196BB}.Release|Any CPU.Build.0 = Release|Any CPU
		{02510CA4-DAA0-41AD-BB97-2178577196BB}.Release|x64.ActiveCfg = Release|Any CPU
		{02510CA4-DAA0-41AD-BB97-2178577196BB}.Release|x64.Build.0 = Release|Any CPU
		{02510CA4-DAA0-41AD-BB97-2178577196BB}.Release|x86.ActiveCfg = Release|Any CPU
		{02510CA4-DAA0-41AD-BB97-2178577196BB}.Release|x86.Build.0 = Release|Any CPU
		{675D078B-F5B8-48D5-A58C-FD67FB4BA9BC}.Debug|Any CPU.ActiveCfg = Debug|Any CPU
		{675D078B-F5B8-48D5-A58C-FD67FB4BA9BC}.Debug|Any CPU.Build.0 = Debug|Any CPU
		{675D078B-F5B8-48D5-A58C-FD67FB4BA9BC}.Debug|x64.ActiveCfg = Debug|Any CPU
		{675D078B-F5B8-48D5-A58C-FD67FB4BA9BC}.Debug|x64.Build.0 = Debug|Any CPU
		{675D078B-F5B8-48D5-A58C-FD67FB4BA9BC}.Debug|x86.ActiveCfg = Debug|Any CPU
		{675D078B-F5B8-48D5-A58C-FD67FB4BA9BC}.Debug|x86.Build.0 = Debug|Any CPU
		{675D078B-F5B8-48D5-A58C-FD67FB4BA9BC}.Release|Any CPU.ActiveCfg = Release|Any CPU
		{675D078B-F5B8-48D5-A58C-FD67FB4BA9BC}.Release|Any CPU.Build.0 = Release|Any CPU
		{675D078B-F5B8-48D5-A58C-FD67FB4BA9BC}.Release|x64.ActiveCfg = Release|Any CPU
		{675D078B-F5B8-48D5-A58C-FD67FB4BA9BC}.Release|x64.Build.0 = Release|Any CPU
		{675D078B-F5B8-48D5-A58C-FD67FB4BA9BC}.Release|x86.ActiveCfg = Release|Any CPU
		{675D078B-F5B8-48D5-A58C-FD67FB4BA9BC}.Release|x86.Build.0 = Release|Any CPU
		{BAB893B4-C02A-4E4A-86BF-2D9F1FE15BC6}.Debug|Any CPU.ActiveCfg = Debug|Any CPU
		{BAB893B4-C02A-4E4A-86BF-2D9F1FE15BC6}.Debug|Any CPU.Build.0 = Debug|Any CPU
		{BAB893B4-C02A-4E4A-86BF-2D9F1FE15BC6}.Debug|x64.ActiveCfg = Debug|Any CPU
		{BAB893B4-C02A-4E4A-86BF-2D9F1FE15BC6}.Debug|x64.Build.0 = Debug|Any CPU
		{BAB893B4-C02A-4E4A-86BF-2D9F1FE15BC6}.Debug|x86.ActiveCfg = Debug|Any CPU
		{BAB893B4-C02A-4E4A-86BF-2D9F1FE15BC6}.Debug|x86.Build.0 = Debug|Any CPU
		{BAB893B4-C02A-4E4A-86BF-2D9F1FE15BC6}.Release|Any CPU.ActiveCfg = Release|Any CPU
		{BAB893B4-C02A-4E4A-86BF-2D9F1FE15BC6}.Release|Any CPU.Build.0 = Release|Any CPU
		{BAB893B4-C02A-4E4A-86BF-2D9F1FE15BC6}.Release|x64.ActiveCfg = Release|Any CPU
		{BAB893B4-C02A-4E4A-86BF-2D9F1FE15BC6}.Release|x64.Build.0 = Release|Any CPU
		{BAB893B4-C02A-4E4A-86BF-2D9F1FE15BC6}.Release|x86.ActiveCfg = Release|Any CPU
		{BAB893B4-C02A-4E4A-86BF-2D9F1FE15BC6}.Release|x86.Build.0 = Release|Any CPU
		{65D757D2-AE7B-49C0-A693-5C9BFDEE689F}.Debug|Any CPU.ActiveCfg = Debug|Any CPU
		{65D757D2-AE7B-49C0-A693-5C9BFDEE689F}.Debug|Any CPU.Build.0 = Debug|Any CPU
		{65D757D2-AE7B-49C0-A693-5C9BFDEE689F}.Debug|x64.ActiveCfg = Debug|Any CPU
		{65D757D2-AE7B-49C0-A693-5C9BFDEE689F}.Debug|x64.Build.0 = Debug|Any CPU
		{65D757D2-AE7B-49C0-A693-5C9BFDEE689F}.Debug|x86.ActiveCfg = Debug|Any CPU
		{65D757D2-AE7B-49C0-A693-5C9BFDEE689F}.Debug|x86.Build.0 = Debug|Any CPU
		{65D757D2-AE7B-49C0-A693-5C9BFDEE689F}.Release|Any CPU.ActiveCfg = Release|Any CPU
		{65D757D2-AE7B-49C0-A693-5C9BFDEE689F}.Release|Any CPU.Build.0 = Release|Any CPU
		{65D757D2-AE7B-49C0-A693-5C9BFDEE689F}.Release|x64.ActiveCfg = Release|Any CPU
		{65D757D2-AE7B-49C0-A693-5C9BFDEE689F}.Release|x64.Build.0 = Release|Any CPU
		{65D757D2-AE7B-49C0-A693-5C9BFDEE689F}.Release|x86.ActiveCfg = Release|Any CPU
		{65D757D2-AE7B-49C0-A693-5C9BFDEE689F}.Release|x86.Build.0 = Release|Any CPU
	EndGlobalSection
	GlobalSection(SolutionProperties) = preSolution
		HideSolutionNode = FALSE
	EndGlobalSection
	GlobalSection(ExtensibilityGlobals) = postSolution
		SolutionGuid = {277A8F27-AD95-4502-9B9B-97D1FEE423B2}
	EndGlobalSection
EndGlobal
